// !$*UTF8*$!
{
	archiveVersion = 1;
	classes = {
	};
	objectVersion = 50;
	objects = {

/* Begin PBXBuildFile section */
		110BA9B421194CF200498348 /* Conraints.swift in Sources */ = {isa = PBXBuildFile; fileRef = 110BA9B321194CF200498348 /* Conraints.swift */; };
		110F1BF8210F6979002547EF /* AppDelegate.swift in Sources */ = {isa = PBXBuildFile; fileRef = 110F1BF7210F6979002547EF /* AppDelegate.swift */; };
		110F1BFA210F6979002547EF /* ViewController.swift in Sources */ = {isa = PBXBuildFile; fileRef = 110F1BF9210F6979002547EF /* ViewController.swift */; };
		110F1BFD210F6979002547EF /* Main.storyboard in Resources */ = {isa = PBXBuildFile; fileRef = 110F1BFB210F6979002547EF /* Main.storyboard */; };
		110F1BFF210F6979002547EF /* Assets.xcassets in Resources */ = {isa = PBXBuildFile; fileRef = 110F1BFE210F6979002547EF /* Assets.xcassets */; };
		110F1C02210F6979002547EF /* LaunchScreen.storyboard in Resources */ = {isa = PBXBuildFile; fileRef = 110F1C00210F6979002547EF /* LaunchScreen.storyboard */; };
		116FB574215347B900E51623 /* ModelClass.swift in Sources */ = {isa = PBXBuildFile; fileRef = 116FB573215347B900E51623 /* ModelClass.swift */; };
/* End PBXBuildFile section */

/* Begin PBXFileReference section */
		110BA9B321194CF200498348 /* Conraints.swift */ = {isa = PBXFileReference; fileEncoding = 4; lastKnownFileType = sourcecode.swift; path = Conraints.swift; sourceTree = "<group>"; };
		110F1BF4210F6979002547EF /* Autolayouts.app */ = {isa = PBXFileReference; explicitFileType = wrapper.application; includeInIndex = 0; path = Autolayouts.app; sourceTree = BUILT_PRODUCTS_DIR; };
		110F1BF7210F6979002547EF /* AppDelegate.swift */ = {isa = PBXFileReference; lastKnownFileType = sourcecode.swift; path = AppDelegate.swift; sourceTree = "<group>"; };
		110F1BF9210F6979002547EF /* ViewController.swift */ = {isa = PBXFileReference; lastKnownFileType = sourcecode.swift; path = ViewController.swift; sourceTree = "<group>"; };
		110F1BFC210F6979002547EF /* Base */ = {isa = PBXFileReference; lastKnownFileType = file.storyboard; name = Base; path = Base.lproj/Main.storyboard; sourceTree = "<group>"; };
		110F1BFE210F6979002547EF /* Assets.xcassets */ = {isa = PBXFileReference; lastKnownFileType = folder.assetcatalog; path = Assets.xcassets; sourceTree = "<group>"; };
		110F1C01210F6979002547EF /* Base */ = {isa = PBXFileReference; lastKnownFileType = file.storyboard; name = Base; path = Base.lproj/LaunchScreen.storyboard; sourceTree = "<group>"; };
		110F1C03210F6979002547EF /* Info.plist */ = {isa = PBXFileReference; lastKnownFileType = text.plist.xml; path = Info.plist; sourceTree = "<group>"; };
		116FB573215347B900E51623 /* ModelClass.swift */ = {isa = PBXFileReference; fileEncoding = 4; lastKnownFileType = sourcecode.swift; path = ModelClass.swift; sourceTree = "<group>"; };
/* End PBXFileReference section */

/* Begin PBXFrameworksBuildPhase section */
		110F1BF1210F6979002547EF /* Frameworks */ = {
			isa = PBXFrameworksBuildPhase;
			buildActionMask = 2147483647;
			files = (
			);
			runOnlyForDeploymentPostprocessing = 0;
		};
/* End PBXFrameworksBuildPhase section */

/* Begin PBXGroup section */
		110F1BEB210F6978002547EF = {
			isa = PBXGroup;
			children = (
				110F1BF6210F6979002547EF /* Autolayouts */,
				110F1BF5210F6979002547EF /* Products */,
			);
			sourceTree = "<group>";
		};
		110F1BF5210F6979002547EF /* Products */ = {
			isa = PBXGroup;
			children = (
				110F1BF4210F6979002547EF /* Autolayouts.app */,
			);
			name = Products;
			sourceTree = "<group>";
		};
		110F1BF6210F6979002547EF /* Autolayouts */ = {
			isa = PBXGroup;
			children = (
				118BC87B2118A60D00DF1046 /* MVC */,
				118BC8802118A66300DF1046 /* SupportingFiles */,
			);
			path = Autolayouts;
			sourceTree = "<group>";
		};
		116FB572215347B900E51623 /* Model */ = {
			isa = PBXGroup;
			children = (
				116FB573215347B900E51623 /* ModelClass.swift */,
			);
			path = Model;
			sourceTree = "<group>";
		};
		118BC87B2118A60D00DF1046 /* MVC */ = {
			isa = PBXGroup;
			children = (
				110F1BF7210F6979002547EF /* AppDelegate.swift */,
				116FB572215347B900E51623 /* Model */,
				118BC87F2118A64100DF1046 /* View */,
				118BC87C2118A61D00DF1046 /* Controller */,
			);
			path = MVC;
			sourceTree = "<group>";
		};
		118BC87C2118A61D00DF1046 /* Controller */ = {
			isa = PBXGroup;
			children = (
				110F1BF9210F6979002547EF /* ViewController.swift */,
				110BA9B321194CF200498348 /* Conraints.swift */,
			);
			path = Controller;
			sourceTree = "<group>";
		};
		118BC87F2118A64100DF1046 /* View */ = {
			isa = PBXGroup;
			children = (
				110F1C00210F6979002547EF /* LaunchScreen.storyboard */,
				110F1BFB210F6979002547EF /* Main.storyboard */,
			);
			path = View;
			sourceTree = "<group>";
		};
		118BC8802118A66300DF1046 /* SupportingFiles */ = {
			isa = PBXGroup;
			children = (
				110F1BFE210F6979002547EF /* Assets.xcassets */,
				110F1C03210F6979002547EF /* Info.plist */,
			);
			path = SupportingFiles;
			sourceTree = "<group>";
		};
/* End PBXGroup section */

/* Begin PBXNativeTarget section */
		110F1BF3210F6979002547EF /* Autolayouts */ = {
			isa = PBXNativeTarget;
			buildConfigurationList = 110F1C06210F6979002547EF /* Build configuration list for PBXNativeTarget "Autolayouts" */;
			buildPhases = (
				110F1BF0210F6979002547EF /* Sources */,
				110F1BF1210F6979002547EF /* Frameworks */,
				110F1BF2210F6979002547EF /* Resources */,
			);
			buildRules = (
			);
			dependencies = (
			);
			name = Autolayouts;
			productName = Autolayouts;
			productReference = 110F1BF4210F6979002547EF /* Autolayouts.app */;
			productType = "com.apple.product-type.application";
		};
/* End PBXNativeTarget section */

/* Begin PBXProject section */
		110F1BEC210F6978002547EF /* Project object */ = {
			isa = PBXProject;
			attributes = {
				LastSwiftUpdateCheck = 0940;
				LastUpgradeCheck = 0940;
				ORGANIZATIONNAME = Gs19;
				TargetAttributes = {
					110F1BF3210F6979002547EF = {
						CreatedOnToolsVersion = 9.4;
					};
				};
			};
			buildConfigurationList = 110F1BEF210F6978002547EF /* Build configuration list for PBXProject "Autolayouts" */;
			compatibilityVersion = "Xcode 9.3";
			developmentRegion = en;
			hasScannedForEncodings = 0;
			knownRegions = (
				en,
				Base,
			);
			mainGroup = 110F1BEB210F6978002547EF;
			productRefGroup = 110F1BF5210F6979002547EF /* Products */;
			projectDirPath = "";
			projectRoot = "";
			targets = (
				110F1BF3210F6979002547EF /* Autolayouts */,
			);
		};
/* End PBXProject section */

/* Begin PBXResourcesBuildPhase section */
		110F1BF2210F6979002547EF /* Resources */ = {
			isa = PBXResourcesBuildPhase;
			buildActionMask = 2147483647;
			files = (
				110F1C02210F6979002547EF /* LaunchScreen.storyboard in Resources */,
				110F1BFF210F6979002547EF /* Assets.xcassets in Resources */,
				110F1BFD210F6979002547EF /* Main.storyboard in Resources */,
			);
			runOnlyForDeploymentPostprocessing = 0;
		};
/* End PBXResourcesBuildPhase section */

/* Begin PBXSourcesBuildPhase section */
		110F1BF0210F6979002547EF /* Sources */ = {
			isa = PBXSourcesBuildPhase;
			buildActionMask = 2147483647;
			files = (
				110BA9B421194CF200498348 /* Conraints.swift in Sources */,
				110F1BFA210F6979002547EF /* ViewController.swift in Sources */,
				116FB574215347B900E51623 /* ModelClass.swift in Sources */,
				110F1BF8210F6979002547EF /* AppDelegate.swift in Sources */,
			);
			runOnlyForDeploymentPostprocessing = 0;
		};
/* End PBXSourcesBuildPhase section */

/* Begin PBXVariantGroup section */
		110F1BFB210F6979002547EF /* Main.storyboard */ = {
			isa = PBXVariantGroup;
			children = (
				110F1BFC210F6979002547EF /* Base */,
			);
			name = Main.storyboard;
			sourceTree = "<group>";
		};
		110F1C00210F6979002547EF /* LaunchScreen.storyboard */ = {
			isa = PBXVariantGroup;
			children = (
				110F1C01210F6979002547EF /* Base */,
			);
			name = LaunchScreen.storyboard;
			sourceTree = "<group>";
		};
/* End PBXVariantGroup section */

/* Begin XCBuildConfiguration section */
		110F1C04210F6979002547EF /* Debug */ = {
			isa = XCBuildConfiguration;
			buildSettings = {
				ALWAYS_SEARCH_USER_PATHS = NO;
				CLANG_ANALYZER_NONNULL = YES;
				CLANG_ANALYZER_NUMBER_OBJECT_CONVERSION = YES_AGGRESSIVE;
				CLANG_CXX_LANGUAGE_STANDARD = "gnu++14";
				CLANG_CXX_LIBRARY = "libc++";
				CLANG_ENABLE_MODULES = YES;
				CLANG_ENABLE_OBJC_ARC = YES;
				CLANG_ENABLE_OBJC_WEAK = YES;
				CLANG_WARN_BLOCK_CAPTURE_AUTORELEASING = YES;
				CLANG_WARN_BOOL_CONVERSION = YES;
				CLANG_WARN_COMMA = YES;
				CLANG_WARN_CONSTANT_CONVERSION = YES;
				CLANG_WARN_DEPRECATED_OBJC_IMPLEMENTATIONS = YES;
				CLANG_WARN_DIRECT_OBJC_ISA_USAGE = YES_ERROR;
				CLANG_WARN_DOCUMENTATION_COMMENTS = YES;
				CLANG_WARN_EMPTY_BODY = YES;
				CLANG_WARN_ENUM_CONVERSION = YES;
				CLANG_WARN_INFINITE_RECURSION = YES;
				CLANG_WARN_INT_CONVERSION = YES;
				CLANG_WARN_NON_LITERAL_NULL_CONVERSION = YES;
				CLANG_WARN_OBJC_IMPLICIT_RETAIN_SELF = YES;
				CLANG_WARN_OBJC_LITERAL_CONVERSION = YES;
				CLANG_WARN_OBJC_ROOT_CLASS = YES_ERROR;
				CLANG_WARN_RANGE_LOOP_ANALYSIS = YES;
				CLANG_WARN_STRICT_PROTOTYPES = YES;
				CLANG_WARN_SUSPICIOUS_MOVE = YES;
				CLANG_WARN_UNGUARDED_AVAILABILITY = YES_AGGRESSIVE;
				CLANG_WARN_UNREACHABLE_CODE = YES;
				CLANG_WARN__DUPLICATE_METHOD_MATCH = YES;
				CODE_SIGN_IDENTITY = "iPhone Developer";
				COPY_PHASE_STRIP = NO;
				DEBUG_INFORMATION_FORMAT = dwarf;
				ENABLE_STRICT_OBJC_MSGSEND = YES;
				ENABLE_TESTABILITY = YES;
				GCC_C_LANGUAGE_STANDARD = gnu11;
				GCC_DYNAMIC_NO_PIC = NO;
				GCC_NO_COMMON_BLOCKS = YES;
				GCC_OPTIMIZATION_LEVEL = 0;
				GCC_PREPROCESSOR_DEFINITIONS = (
					"DEBUG=1",
					"$(inherited)",
				);
				GCC_WARN_64_TO_32_BIT_CONVERSION = YES;
				GCC_WARN_ABOUT_RETURN_TYPE = YES_ERROR;
				GCC_WARN_UNDECLARED_SELECTOR = YES;
				GCC_WARN_UNINITIALIZED_AUTOS = YES_AGGRESSIVE;
				GCC_WARN_UNUSED_FUNCTION = YES;
				GCC_WARN_UNUSED_VARIABLE = YES;
				IPHONEOS_DEPLOYMENT_TARGET = 10.0;
				MTL_ENABLE_DEBUG_INFO = YES;
				ONLY_ACTIVE_ARCH = YES;
				SDKROOT = iphoneos;
				SWIFT_ACTIVE_COMPILATION_CONDITIONS = DEBUG;
				SWIFT_OPTIMIZATION_LEVEL = "-Onone";
			};
			name = Debug;
		};
		110F1C05210F6979002547EF /* Release */ = {
			isa = XCBuildConfiguration;
			buildSettings = {
				ALWAYS_SEARCH_USER_PATHS = NO;
				CLANG_ANALYZER_NONNULL = YES;
				CLANG_ANALYZER_NUMBER_OBJECT_CONVERSION = YES_AGGRESSIVE;
				CLANG_CXX_LANGUAGE_STANDARD = "gnu++14";
				CLANG_CXX_LIBRARY = "libc++";
				CLANG_ENABLE_MODULES = YES;
				CLANG_ENABLE_OBJC_ARC = YES;
				CLANG_ENABLE_OBJC_WEAK = YES;
				CLANG_WARN_BLOCK_CAPTURE_AUTORELEASING = YES;
				CLANG_WARN_BOOL_CONVERSION = YES;
				CLANG_WARN_COMMA = YES;
				CLANG_WARN_CONSTANT_CONVERSION = YES;
				CLANG_WARN_DEPRECATED_OBJC_IMPLEMENTATIONS = YES;
				CLANG_WARN_DIRECT_OBJC_ISA_USAGE = YES_ERROR;
				CLANG_WARN_DOCUMENTATION_COMMENTS = YES;
				CLANG_WARN_EMPTY_BODY = YES;
				CLANG_WARN_ENUM_CONVERSION = YES;
				CLANG_WARN_INFINITE_RECURSION = YES;
				CLANG_WARN_INT_CONVERSION = YES;
				CLANG_WARN_NON_LITERAL_NULL_CONVERSION = YES;
				CLANG_WARN_OBJC_IMPLICIT_RETAIN_SELF = YES;
				CLANG_WARN_OBJC_LITERAL_CONVERSION = YES;
				CLANG_WARN_OBJC_ROOT_CLASS = YES_ERROR;
				CLANG_WARN_RANGE_LOOP_ANALYSIS = YES;
				CLANG_WARN_STRICT_PROTOTYPES = YES;
				CLANG_WARN_SUSPICIOUS_MOVE = YES;
				CLANG_WARN_UNGUARDED_AVAILABILITY = YES_AGGRESSIVE;
				CLANG_WARN_UNREACHABLE_CODE = YES;
				CLANG_WARN__DUPLICATE_METHOD_MATCH = YES;
				CODE_SIGN_IDENTITY = "iPhone Developer";
				COPY_PHASE_STRIP = NO;
				DEBUG_INFORMATION_FORMAT = "dwarf-with-dsym";
				ENABLE_NS_ASSERTIONS = NO;
				ENABLE_STRICT_OBJC_MSGSEND = YES;
				GCC_C_LANGUAGE_STANDARD = gnu11;
				GCC_NO_COMMON_BLOCKS = YES;
				GCC_WARN_64_TO_32_BIT_CONVERSION = YES;
				GCC_WARN_ABOUT_RETURN_TYPE = YES_ERROR;
				GCC_WARN_UNDECLARED_SELECTOR = YES;
				GCC_WARN_UNINITIALIZED_AUTOS = YES_AGGRESSIVE;
				GCC_WARN_UNUSED_FUNCTION = YES;
				GCC_WARN_UNUSED_VARIABLE = YES;
				IPHONEOS_DEPLOYMENT_TARGET = 10.0;
				MTL_ENABLE_DEBUG_INFO = NO;
				SDKROOT = iphoneos;
				SWIFT_COMPILATION_MODE = wholemodule;
				SWIFT_OPTIMIZATION_LEVEL = "-O";
				VALIDATE_PRODUCT = YES;
			};
			name = Release;
		};
		110F1C07210F6979002547EF /* Debug */ = {
			isa = XCBuildConfiguration;
			buildSettings = {
				ASSETCATALOG_COMPILER_APPICON_NAME = AppIcon;
				CODE_SIGN_STYLE = Automatic;
				DEVELOPMENT_TEAM = FD9XT59NY8;
				INFOPLIST_FILE = "$(SRCROOT)/Autolayouts/SupportingFiles/Info.plist";
				LD_RUNPATH_SEARCH_PATHS = (
					"$(inherited)",
					"@executable_path/Frameworks",
				);
				PRODUCT_BUNDLE_IDENTIFIER = com.Gs19.Autolayouts;
				PRODUCT_NAME = "$(TARGET_NAME)";
				SWIFT_VERSION = 4.0;
				TARGETED_DEVICE_FAMILY = "1,2";
			};
			name = Debug;
		};
		110F1C08210F6979002547EF /* Release */ = {
			isa = XCBuildConfiguration;
			buildSettings = {
				ASSETCATALOG_COMPILER_APPICON_NAME = AppIcon;
				CODE_SIGN_STYLE = Automatic;
				DEVELOPMENT_TEAM = FD9XT59NY8;
				INFOPLIST_FILE = "$(SRCROOT)/Autolayouts/SupportingFiles/Info.plist";
				LD_RUNPATH_SEARCH_PATHS = (
					"$(inherited)",
					"@executable_path/Frameworks",
				);
				PRODUCT_BUNDLE_IDENTIFIER = com.Gs19.Autolayouts;
				PRODUCT_NAME = "$(TARGET_NAME)";
				SWIFT_VERSION = 4.0;
				TARGETED_DEVICE_FAMILY = "1,2";
			};
			name = Release;
		};
/* End XCBuildConfiguration section */

/* Begin XCConfigurationList section */
		110F1BEF210F6978002547EF /* Build configuration list for PBXProject "Autolayouts" */ = {
			isa = XCConfigurationList;
			buildConfigurations = (
				110F1C04210F6979002547EF /* Debug */,
				110F1C05210F6979002547EF /* Release */,
			);
			defaultConfigurationIsVisible = 0;
			defaultConfigurationName = Release;
		};
		110F1C06210F6979002547EF /* Build configuration list for PBXNativeTarget "Autolayouts" */ = {
			isa = XCConfigurationList;
			buildConfigurations = (
				110F1C07210F6979002547EF /* Debug */,
				110F1C08210F6979002547EF /* Release */,
			);
			defaultConfigurationIsVisible = 0;
			defaultConfigurationName = Release;
		};
/* End XCConfigurationList section */
	};
	rootObject = 110F1BEC210F6978002547EF /* Project object */;
}
